
Microsoft Visual Studio Solution File, Format Version 12.00
# Visual Studio Version 17
VisualStudioVersion = 17.3.32929.385
MinimumVisualStudioVersion = 10.0.40219.1
Project("{8BC9CEB8-8B4A-11D0-8D11-00A0C91BC942}") = "CommonErrors", "CommonErrors\CommonErrors.vcxproj", "{88413BA1-BD68-45BA-A753-0A4B9B22E6D3}"
EndProject
Global
	GlobalSection(SolutionConfigurationPlatforms) = preSolution
		Debug|x64 = Debug|x64
		Debug|x86 = Debug|x86
		Release|x64 = Release|x64
		Release|x86 = Release|x86
	EndGlobalSection
	GlobalSection(ProjectConfigurationPlatforms) = postSolution
		{88413BA1-BD68-45BA-A753-0A4B9B22E6D3}.Debug|x64.ActiveCfg = Debug|x64
		{88413BA1-BD68-45BA-A753-0A4B9B22E6D3}.Debug|x64.Build.0 = Debug|x64
		{88413BA1-BD68-45BA-A753-0A4B9B22E6D3}.Debug|x86.ActiveCfg = Debug|Win32
		{88413BA1-BD68-45BA-A753-0A4B9B22E6D3}.Debug|x86.Build.0 = Debug|Win32
		{88413BA1-BD68-45BA-A753-0A4B9B22E6D3}.Release|x64.ActiveCfg = Release|x64
		{88413BA1-BD68-45BA-A753-0A4B9B22E6D3}.Release|x64.Build.0 = Release|x64
		{88413BA1-BD68-45BA-A753-0A4B9B22E6D3}.Release|x86.ActiveCfg = Release|Win32
		{88413BA1-BD68-45BA-A753-0A4B9B22E6D3}.Release|x86.Build.0 = Release|Win32
	EndGlobalSection
	GlobalSection(SolutionProperties) = preSolution
		HideSolutionNode = FALSE
	EndGlobalSection
	GlobalSection(ExtensibilityGlobals) = postSolution
		SolutionGuid = {029626E3-D28F-4D5D-A0FD-3B6305F2BB97}
	EndGlobalSection
EndGlobal
